dependencies:
- name: postgresql
  repository: oci://registry-1.docker.io/bitnamicharts
  version: 16.7.27
- name: dapr
  repository: https://dapr.github.io/helm-charts/
  version: 1.15.4
- name: dex
  repository: https://charts.dexidp.io
  version: 0.24.1
digest: sha256:03d75afe3e2c3ccd19ca505c8779ded33425a2a4e89b40bfe3ed3b0b21d8ccf6
generated: "2026-08-19T11:01:44.600709252Z"
