dependencies:
- name: postgresql
  repository: oci://registry-1.docker.io/bitnamicharts
  version: 16.7.27
- name: dapr
  repository: https://dapr.github.io/helm-charts/
  version: 1.18.1
- name: dex
  repository: https://charts.dexidp.io
  version: 0.24.1
- name: redis
  repository: oci://registry-1.docker.io/bitnamicharts
  version: 28.0.6
- name: apisix
  repository: https://apache.github.io/apisix-helm-chart
  version: 2.16.0
digest: sha256:d87e612e2dffe8b940772a8b785f12dd7d6dba1a2e8329b10955276a7d7394b3
generated: "2026-09-02T11:13:36.1048862+07:00"
